
Microsoft Visual Studio Solution File, Format Version 12.00
# Visual Studio Version 17
VisualStudioVersion = 17.1.32421.90
MinimumVisualStudioVersion = 10.0.40219.1
Project("{9A19103F-16F7-4668-BE54-9A1E7A4F7556}") = "Core", "Core\Core.csproj", "{66539BB2-C996-4CF8-A40E-104F2282306A}"
EndProject
Project("{9A19103F-16F7-4668-BE54-9A1E7A4F7556}") = "Api", "Api\Api.csproj", "{993223D6-E371-46DD-8E03-AF29ACD7B26B}"
EndProject
Project("{2150E333-8FDC-42A3-9474-1A3956D46DE8}") = "Solution Items", "Solution Items", "{F3DDC50D-F360-47E2-8408-F253064282F6}"
	ProjectSection(SolutionItems) = preProject
		.gitignore = .gitignore
		README.md = README.md
	EndProjectSection
EndProject
Global
	GlobalSection(SolutionConfigurationPlatforms) = preSolution
		Debug|Any CPU = Debug|Any CPU
		Release|Any CPU = Release|Any CPU
	EndGlobalSection
	GlobalSection(ProjectConfigurationPlatforms) = postSolution
		{66539BB2-C996-4CF8-A40E-104F2282306A}.Debug|Any CPU.ActiveCfg = Debug|Any CPU
		{66539BB2-C996-4CF8-A40E-104F2282306A}.Debug|Any CPU.Build.0 = Debug|Any CPU
		{66539BB2-C996-4CF8-A40E-104F2282306A}.Release|Any CPU.ActiveCfg = Release|Any CPU
		{66539BB2-C996-4CF8-A40E-104F2282306A}.Release|Any CPU.Build.0 = Release|Any CPU
		{993223D6-E371-46DD-8E03-AF29ACD7B26B}.Debug|Any CPU.ActiveCfg = Debug|Any CPU
		{993223D6-E371-46DD-8E03-AF29ACD7B26B}.Debug|Any CPU.Build.0 = Debug|Any CPU
		{993223D6-E371-46DD-8E03-AF29ACD7B26B}.Release|Any CPU.ActiveCfg = Release|Any CPU
		{993223D6-E371-46DD-8E03-AF29ACD7B26B}.Release|Any CPU.Build.0 = Release|Any CPU
	EndGlobalSection
	GlobalSection(SolutionProperties) = preSolution
		HideSolutionNode = FALSE
	EndGlobalSection
	GlobalSection(ExtensibilityGlobals) = postSolution
		SolutionGuid = {7FA40F99-5844-4954-B4AB-0D9AB4B74518}
	EndGlobalSection
EndGlobal
